// !$*UTF8*$!
{
	archiveVersion = 1;
	classes = {
	};
	objectVersion = 77;
	objects = {

/* Begin PBXBuildFile section */
		53846E942D0E953E00006E1B /* (null) in Frameworks */ = {isa = PBXBuildFile; };
		53846E952D0E953E00006E1B /* Sentry in Frameworks */ = {isa = PBXBuildFile; productRef = 58D067778D3C436E81BB40C2 /* Sentry */; };
		53846E962D0E953E00006E1B /* (null) in Frameworks */ = {isa = PBXBuildFile; };
		53846E972D0E953E00006E1B /* (null) in Frameworks */ = {isa = PBXBuildFile; };
		5384C8F82CE0E46200B969DC /* WidgetKit.framework in Frameworks */ = {isa = PBXBuildFile; fileRef = 5384C8F72CE0E46200B969DC /* WidgetKit.framework */; };
		5384C8FA2CE0E46200B969DC /* SwiftUI.framework in Frameworks */ = {isa = PBXBuildFile; fileRef = 5384C8F92CE0E46200B969DC /* SwiftUI.framework */; };
		5384C90B2CE0E46400B969DC /* ootd-widgetExtension.appex in Embed Foundation Extensions */ = {isa = PBXBuildFile; fileRef = 5384C8F52CE0E46200B969DC /* ootd-widgetExtension.appex */; settings = {ATTRIBUTES = (RemoveHeadersOnCopy, ); }; };
		538BC5B62CF2223D00C68961 /* Service in Frameworks */ = {isa = PBXBuildFile; productRef = 538BC5B52CF2223D00C68961 /* Service */; };
		538BC5B82CF2224B00C68961 /* Service in Frameworks */ = {isa = PBXBuildFile; productRef = 538BC5B72CF2224B00C68961 /* Service */; };
		5488099D3C5B47EC8E2F0FCF /* Sentry in Frameworks */ = {isa = PBXBuildFile; productRef = 58D067778D3C436E81BB40C2 /* Sentry */; };
/* End PBXBuildFile section */

/* Begin PBXContainerItemProxy section */
		535B352C2CDBAE64000846F3 /* PBXContainerItemProxy */ = {
			isa = PBXContainerItemProxy;
			containerPortal = 535B35132CDBAE63000846F3 /* Project object */;
			proxyType = 1;
			remoteGlobalIDString = 535B351A2CDBAE63000846F3;
			remoteInfo = ootd;
		};
		535B35362CDBAE64000846F3 /* PBXContainerItemProxy */ = {
			isa = PBXContainerItemProxy;
			containerPortal = 535B35132CDBAE63000846F3 /* Project object */;
			proxyType = 1;
			remoteGlobalIDString = 535B351A2CDBAE63000846F3;
			remoteInfo = ootd;
		};
		5384C9092CE0E46400B969DC /* PBXContainerItemProxy */ = {
			isa = PBXContainerItemProxy;
			containerPortal = 535B35132CDBAE63000846F3 /* Project object */;
			proxyType = 1;
			remoteGlobalIDString = 5384C8F42CE0E46200B969DC;
			remoteInfo = "ootd-widgetExtension";
		};
/* End PBXContainerItemProxy section */

/* Begin PBXCopyFilesBuildPhase section */
		5384C9102CE0E46400B969DC /* Embed Foundation Extensions */ = {
			isa = PBXCopyFilesBuildPhase;
			buildActionMask = 12;
			dstPath = "";
			dstSubfolderSpec = 13;
			files = (
				5384C90B2CE0E46400B969DC /* ootd-widgetExtension.appex in Embed Foundation Extensions */,
			);
			name = "Embed Foundation Extensions";
			runOnlyForDeploymentPostprocessing = 0;
		};
/* End PBXCopyFilesBuildPhase section */

/* Begin PBXFileReference section */
		535B351B2CDBAE63000846F3 /* ootd.app */ = {isa = PBXFileReference; explicitFileType = wrapper.application; includeInIndex = 0; path = ootd.app; sourceTree = BUILT_PRODUCTS_DIR; };
		535B352B2CDBAE64000846F3 /* ootdTests.xctest */ = {isa = PBXFileReference; explicitFileType = wrapper.cfbundle; includeInIndex = 0; path = ootdTests.xctest; sourceTree = BUILT_PRODUCTS_DIR; };
		535B35352CDBAE64000846F3 /* ootdUITests.xctest */ = {isa = PBXFileReference; explicitFileType = wrapper.cfbundle; includeInIndex = 0; path = ootdUITests.xctest; sourceTree = BUILT_PRODUCTS_DIR; };
		5384C8F52CE0E46200B969DC /* ootd-widgetExtension.appex */ = {isa = PBXFileReference; explicitFileType = "wrapper.app-extension"; includeInIndex = 0; path = "ootd-widgetExtension.appex"; sourceTree = BUILT_PRODUCTS_DIR; };
		5384C8F72CE0E46200B969DC /* WidgetKit.framework */ = {isa = PBXFileReference; lastKnownFileType = wrapper.framework; name = WidgetKit.framework; path = System/Library/Frameworks/WidgetKit.framework; sourceTree = SDKROOT; };
		5384C8F92CE0E46200B969DC /* SwiftUI.framework */ = {isa = PBXFileReference; lastKnownFileType = wrapper.framework; name = SwiftUI.framework; path = System/Library/Frameworks/SwiftUI.framework; sourceTree = SDKROOT; };
		538BC5BA2CF2242700C68961 /* ootd-widgetExtension.entitlements */ = {isa = PBXFileReference; lastKnownFileType = text.plist.entitlements; path = "ootd-widgetExtension.entitlements"; sourceTree = "<group>"; };
/* End PBXFileReference section */

/* Begin PBXFileSystemSynchronizedBuildFileExceptionSet section */
		5384C90C2CE0E46400B969DC /* Exceptions for "ootd-widget" folder in "ootd-widgetExtension" target */ = {
			isa = PBXFileSystemSynchronizedBuildFileExceptionSet;
			membershipExceptions = (
				Info.plist,
			);
			target = 5384C8F42CE0E46200B969DC /* ootd-widgetExtension */;
		};
		538BC5AD2CF21BB700C68961 /* Exceptions for "ootd" folder in "ootd" target */ = {
			isa = PBXFileSystemSynchronizedBuildFileExceptionSet;
			membershipExceptions = (
				Info.plist,
			);
			target = 535B351A2CDBAE63000846F3 /* ootd */;
		};
/* End PBXFileSystemSynchronizedBuildFileExceptionSet section */

/* Begin PBXFileSystemSynchronizedRootGroup section */
		535B351D2CDBAE63000846F3 /* ootd */ = {
			isa = PBXFileSystemSynchronizedRootGroup;
			exceptions = (
				538BC5AD2CF21BB700C68961 /* Exceptions for "ootd" folder in "ootd" target */,
			);
			path = ootd;
			sourceTree = "<group>";
		};
		535B352E2CDBAE64000846F3 /* ootdTests */ = {
			isa = PBXFileSystemSynchronizedRootGroup;
			path = ootdTests;
			sourceTree = "<group>";
		};
		535B35382CDBAE64000846F3 /* ootdUITests */ = {
			isa = PBXFileSystemSynchronizedRootGroup;
			path = ootdUITests;
			sourceTree = "<group>";
		};
		5384C8FB2CE0E46200B969DC /* ootd-widget */ = {
			isa = PBXFileSystemSynchronizedRootGroup;
			exceptions = (
				5384C90C2CE0E46400B969DC /* Exceptions for "ootd-widget" folder in "ootd-widgetExtension" target */,
			);
			path = "ootd-widget";
			sourceTree = "<group>";
		};
/* End PBXFileSystemSynchronizedRootGroup section */

/* Begin PBXFrameworksBuildPhase section */
		535B35182CDBAE63000846F3 /* Frameworks */ = {
			isa = PBXFrameworksBuildPhase;
			buildActionMask = 2147483647;
			files = (
				53846E952D0E953E00006E1B /* Sentry in Frameworks */,
				538BC5B62CF2223D00C68961 /* Service in Frameworks */,
				53846E942D0E953E00006E1B /* (null) in Frameworks */,
			);
			runOnlyForDeploymentPostprocessing = 0;
		};
		535B35282CDBAE64000846F3 /* Frameworks */ = {
			isa = PBXFrameworksBuildPhase;
			buildActionMask = 2147483647;
			files = (
				53846E962D0E953E00006E1B /* (null) in Frameworks */,
			);
			runOnlyForDeploymentPostprocessing = 0;
		};
		535B35322CDBAE64000846F3 /* Frameworks */ = {
			isa = PBXFrameworksBuildPhase;
			buildActionMask = 2147483647;
			files = (
				53846E972D0E953E00006E1B /* (null) in Frameworks */,
			);
			runOnlyForDeploymentPostprocessing = 0;
		};
		5384C8F22CE0E46200B969DC /* Frameworks */ = {
			isa = PBXFrameworksBuildPhase;
			buildActionMask = 2147483647;
			files = (
				538BC5B82CF2224B00C68961 /* Service in Frameworks */,
				5384C8FA2CE0E46200B969DC /* SwiftUI.framework in Frameworks */,
				5384C8F82CE0E46200B969DC /* WidgetKit.framework in Frameworks */,
				5488099D3C5B47EC8E2F0FCF /* Sentry in Frameworks */,
			);
			runOnlyForDeploymentPostprocessing = 0;
		};
/* End PBXFrameworksBuildPhase section */

/* Begin PBXGroup section */
		535B35122CDBAE63000846F3 = {
			isa = PBXGroup;
			children = (
				538BC5BA2CF2242700C68961 /* ootd-widgetExtension.entitlements */,
				535B351D2CDBAE63000846F3 /* ootd */,
				535B352E2CDBAE64000846F3 /* ootdTests */,
				535B35382CDBAE64000846F3 /* ootdUITests */,
				5384C8FB2CE0E46200B969DC /* ootd-widget */,
				5384C8F62CE0E46200B969DC /* Frameworks */,
				535B351C2CDBAE63000846F3 /* Products */,
			);
			sourceTree = "<group>";
		};
		535B351C2CDBAE63000846F3 /* Products */ = {
			isa = PBXGroup;
			children = (
				535B351B2CDBAE63000846F3 /* ootd.app */,
				535B352B2CDBAE64000846F3 /* ootdTests.xctest */,
				535B35352CDBAE64000846F3 /* ootdUITests.xctest */,
				5384C8F52CE0E46200B969DC /* ootd-widgetExtension.appex */,
			);
			name = Products;
			sourceTree = "<group>";
		};
		5384C8F62CE0E46200B969DC /* Frameworks */ = {
			isa = PBXGroup;
			children = (
				5384C8F72CE0E46200B969DC /* WidgetKit.framework */,
				5384C8F92CE0E46200B969DC /* SwiftUI.framework */,
			);
			name = Frameworks;
			sourceTree = "<group>";
		};
/* End PBXGroup section */

/* Begin PBXNativeTarget section */
		535B351A2CDBAE63000846F3 /* ootd */ = {
			isa = PBXNativeTarget;
			buildConfigurationList = 535B353F2CDBAE64000846F3 /* Build configuration list for PBXNativeTarget "ootd" */;
			buildPhases = (
				535B35172CDBAE63000846F3 /* Sources */,
				535B35182CDBAE63000846F3 /* Frameworks */,
				535B35192CDBAE63000846F3 /* Resources */,
				5384C9102CE0E46400B969DC /* Embed Foundation Extensions */,
				FABE9EA4045F4AAF92FFD681 /* Upload Debug Symbols to Sentry */,
			);
			buildRules = (
			);
			dependencies = (
				5384C90A2CE0E46400B969DC /* PBXTargetDependency */,
			);
			fileSystemSynchronizedGroups = (
				535B351D2CDBAE63000846F3 /* ootd */,
			);
			name = ootd;
			packageProductDependencies = (
				538BC5B52CF2223D00C68961 /* Service */,
				58D067778D3C436E81BB40C2 /* Sentry */,
			);
			productName = ootd;
			productReference = 535B351B2CDBAE63000846F3 /* ootd.app */;
			productType = "com.apple.product-type.application";
		};
		535B352A2CDBAE64000846F3 /* ootdTests */ = {
			isa = PBXNativeTarget;
			buildConfigurationList = 535B35422CDBAE64000846F3 /* Build configuration list for PBXNativeTarget "ootdTests" */;
			buildPhases = (
				535B35272CDBAE64000846F3 /* Sources */,
				535B35282CDBAE64000846F3 /* Frameworks */,
				535B35292CDBAE64000846F3 /* Resources */,
			);
			buildRules = (
			);
			dependencies = (
				535B352D2CDBAE64000846F3 /* PBXTargetDependency */,
			);
			fileSystemSynchronizedGroups = (
				535B352E2CDBAE64000846F3 /* ootdTests */,
			);
			name = ootdTests;
			packageProductDependencies = (
			);
			productName = ootdTests;
			productReference = 535B352B2CDBAE64000846F3 /* ootdTests.xctest */;
			productType = "com.apple.product-type.bundle.unit-test";
		};
		535B35342CDBAE64000846F3 /* ootdUITests */ = {
			isa = PBXNativeTarget;
			buildConfigurationList = 535B35452CDBAE64000846F3 /* Build configuration list for PBXNativeTarget "ootdUITests" */;
			buildPhases = (
				535B35312CDBAE64000846F3 /* Sources */,
				535B35322CDBAE64000846F3 /* Frameworks */,
				535B35332CDBAE64000846F3 /* Resources */,
			);
			buildRules = (
			);
			dependencies = (
				535B35372CDBAE64000846F3 /* PBXTargetDependency */,
			);
			fileSystemSynchronizedGroups = (
				535B35382CDBAE64000846F3 /* ootdUITests */,
			);
			name = ootdUITests;
			packageProductDependencies = (
			);
			productName = ootdUITests;
			productReference = 535B35352CDBAE64000846F3 /* ootdUITests.xctest */;
			productType = "com.apple.product-type.bundle.ui-testing";
		};
		5384C8F42CE0E46200B969DC /* ootd-widgetExtension */ = {
			isa = PBXNativeTarget;
			buildConfigurationList = 5384C90D2CE0E46400B969DC /* Build configuration list for PBXNativeTarget "ootd-widgetExtension" */;
			buildPhases = (
				5384C8F12CE0E46200B969DC /* Sources */,
				5384C8F22CE0E46200B969DC /* Frameworks */,
				5384C8F32CE0E46200B969DC /* Resources */,
			);
			buildRules = (
			);
			dependencies = (
			);
			fileSystemSynchronizedGroups = (
				5384C8FB2CE0E46200B969DC /* ootd-widget */,
			);
			name = "ootd-widgetExtension";
			packageProductDependencies = (
				538BC5B72CF2224B00C68961 /* Service */,
			);
			productName = "ootd-widgetExtension";
			productReference = 5384C8F52CE0E46200B969DC /* ootd-widgetExtension.appex */;
			productType = "com.apple.product-type.app-extension";
		};
/* End PBXNativeTarget section */

/* Begin PBXProject section */
		535B35132CDBAE63000846F3 /* Project object */ = {
			isa = PBXProject;
			attributes = {
				BuildIndependentTargetsInParallel = 1;
				LastSwiftUpdateCheck = 1600;
				LastUpgradeCheck = 1600;
				TargetAttributes = {
					535B351A2CDBAE63000846F3 = {
						CreatedOnToolsVersion = 16.0;
					};
					535B352A2CDBAE64000846F3 = {
						CreatedOnToolsVersion = 16.0;
						TestTargetID = 535B351A2CDBAE63000846F3;
					};
					535B35342CDBAE64000846F3 = {
						CreatedOnToolsVersion = 16.0;
						TestTargetID = 535B351A2CDBAE63000846F3;
					};
					5384C8F42CE0E46200B969DC = {
						CreatedOnToolsVersion = 16.0;
					};
				};
			};
			buildConfigurationList = 535B35162CDBAE63000846F3 /* Build configuration list for PBXProject "ootd" */;
			developmentRegion = en;
			hasScannedForEncodings = 0;
			knownRegions = (
				en,
				Base,
			);
			mainGroup = 535B35122CDBAE63000846F3;
			minimizedProjectReferenceProxies = 1;
			packageReferences = (
				538BC5B42CF2223D00C68961 /* XCLocalSwiftPackageReference "Service" */,
				78C460C12618415588F06CBB /* XCRemoteSwiftPackageReference "sentry-cocoa" */,
			);
			preferredProjectObjectVersion = 77;
			productRefGroup = 535B351C2CDBAE63000846F3 /* Products */;
			projectDirPath = "";
			projectRoot = "";
			targets = (
				535B351A2CDBAE63000846F3 /* ootd */,
				535B352A2CDBAE64000846F3 /* ootdTests */,
				535B35342CDBAE64000846F3 /* ootdUITests */,
				5384C8F42CE0E46200B969DC /* ootd-widgetExtension */,
			);
		};
/* End PBXProject section */

/* Begin PBXResourcesBuildPhase section */
		535B35192CDBAE63000846F3 /* Resources */ = {
			isa = PBXResourcesBuildPhase;
			buildActionMask = 2147483647;
			files = (
			);
			runOnlyForDeploymentPostprocessing = 0;
		};
		535B35292CDBAE64000846F3 /* Resources */ = {
			isa = PBXResourcesBuildPhase;
			buildActionMask = 2147483647;
			files = (
			);
			runOnlyForDeploymentPostprocessing = 0;
		};
		535B35332CDBAE64000846F3 /* Resources */ = {
			isa = PBXResourcesBuildPhase;
			buildActionMask = 2147483647;
			files = (
			);
			runOnlyForDeploymentPostprocessing = 0;
		};
		5384C8F32CE0E46200B969DC /* Resources */ = {
			isa = PBXResourcesBuildPhase;
			buildActionMask = 2147483647;
			files = (
			);
			runOnlyForDeploymentPostprocessing = 0;
		};
/* End PBXResourcesBuildPhase section */

/* Begin PBXShellScriptBuildPhase section */
		FABE9EA4045F4AAF92FFD681 /* Upload Debug Symbols to Sentry */ = {
			isa = PBXShellScriptBuildPhase;
			buildActionMask = 2147483647;
			files = (
			);
			inputPaths = (
				"${DWARF_DSYM_FOLDER_PATH}/${DWARF_DSYM_FILE_NAME}/Contents/Resources/DWARF/${TARGET_NAME}",
			);
			name = "Upload Debug Symbols to Sentry";
			outputPaths = (
			);
			runOnlyForDeploymentPostprocessing = 0;
			shellPath = /bin/sh;
			shellScript = "# This script is responsable to upload debug symbols and source context for Sentry.\nif which sentry-cli >/dev/null; then\nexport SENTRY_ORG=soongsiluniv\nexport SENTRY_PROJECT=apple-ios\nERROR=$(sentry-cli debug-files upload --include-sources \"$DWARF_DSYM_FOLDER_PATH\" 2>&1 >/dev/null)\nif [ ! $? -eq 0 ]; then\necho \"warning: sentry-cli - $ERROR\"\nfi\nelse\necho \"warning: sentry-cli not installed, download from https://github.com/getsentry/sentry-cli/releases\"\nfi\n";
		};
/* End PBXShellScriptBuildPhase section */

/* Begin PBXSourcesBuildPhase section */
		535B35172CDBAE63000846F3 /* Sources */ = {
			isa = PBXSourcesBuildPhase;
			buildActionMask = 2147483647;
			files = (
			);
			runOnlyForDeploymentPostprocessing = 0;
		};
		535B35272CDBAE64000846F3 /* Sources */ = {
			isa = PBXSourcesBuildPhase;
			buildActionMask = 2147483647;
			files = (
			);
			runOnlyForDeploymentPostprocessing = 0;
		};
		535B35312CDBAE64000846F3 /* Sources */ = {
			isa = PBXSourcesBuildPhase;
			buildActionMask = 2147483647;
			files = (
			);
			runOnlyForDeploymentPostprocessing = 0;
		};
		5384C8F12CE0E46200B969DC /* Sources */ = {
			isa = PBXSourcesBuildPhase;
			buildActionMask = 2147483647;
			files = (
			);
			runOnlyForDeploymentPostprocessing = 0;
		};
/* End PBXSourcesBuildPhase section */

/* Begin PBXTargetDependency section */
		535B352D2CDBAE64000846F3 /* PBXTargetDependency */ = {
			isa = PBXTargetDependency;
			target = 535B351A2CDBAE63000846F3 /* ootd */;
			targetProxy = 535B352C2CDBAE64000846F3 /* PBXContainerItemProxy */;
		};
		535B35372CDBAE64000846F3 /* PBXTargetDependency */ = {
			isa = PBXTargetDependency;
			target = 535B351A2CDBAE63000846F3 /* ootd */;
			targetProxy = 535B35362CDBAE64000846F3 /* PBXContainerItemProxy */;
		};
		5384C90A2CE0E46400B969DC /* PBXTargetDependency */ = {
			isa = PBXTargetDependency;
			target = 5384C8F42CE0E46200B969DC /* ootd-widgetExtension */;
			targetProxy = 5384C9092CE0E46400B969DC /* PBXContainerItemProxy */;
		};
/* End PBXTargetDependency section */

/* Begin XCBuildConfiguration section */
		535B353D2CDBAE64000846F3 /* Debug */ = {
			isa = XCBuildConfiguration;
			baseConfigurationReferenceAnchor = 535B351D2CDBAE63000846F3 /* ootd */;
			baseConfigurationReferenceRelativePath = Presentation/Secrets.xcconfig;
			buildSettings = {
				ALWAYS_SEARCH_USER_PATHS = NO;
				ASSETCATALOG_COMPILER_GENERATE_SWIFT_ASSET_SYMBOL_EXTENSIONS = YES;
				CLANG_ANALYZER_NONNULL = YES;
				CLANG_ANALYZER_NUMBER_OBJECT_CONVERSION = YES_AGGRESSIVE;
				CLANG_CXX_LANGUAGE_STANDARD = "gnu++20";
				CLANG_ENABLE_MODULES = YES;
				CLANG_ENABLE_OBJC_ARC = YES;
				CLANG_ENABLE_OBJC_WEAK = YES;
				CLANG_WARN_BLOCK_CAPTURE_AUTORELEASING = YES;
				CLANG_WARN_BOOL_CONVERSION = YES;
				CLANG_WARN_COMMA = YES;
				CLANG_WARN_CONSTANT_CONVERSION = YES;
				CLANG_WARN_DEPRECATED_OBJC_IMPLEMENTATIONS = YES;
				CLANG_WARN_DIRECT_OBJC_ISA_USAGE = YES_ERROR;
				CLANG_WARN_DOCUMENTATION_COMMENTS = YES;
				CLANG_WARN_EMPTY_BODY = YES;
				CLANG_WARN_ENUM_CONVERSION = YES;
				CLANG_WARN_INFINITE_RECURSION = YES;
				CLANG_WARN_INT_CONVERSION = YES;
				CLANG_WARN_NON_LITERAL_NULL_CONVERSION = YES;
				CLANG_WARN_OBJC_IMPLICIT_RETAIN_SELF = YES;
				CLANG_WARN_OBJC_LITERAL_CONVERSION = YES;
				CLANG_WARN_OBJC_ROOT_CLASS = YES_ERROR;
				CLANG_WARN_QUOTED_INCLUDE_IN_FRAMEWORK_HEADER = YES;
				CLANG_WARN_RANGE_LOOP_ANALYSIS = YES;
				CLANG_WARN_STRICT_PROTOTYPES = YES;
				CLANG_WARN_SUSPICIOUS_MOVE = YES;
				CLANG_WARN_UNGUARDED_AVAILABILITY = YES_AGGRESSIVE;
				CLANG_WARN_UNREACHABLE_CODE = YES;
				CLANG_WARN__DUPLICATE_METHOD_MATCH = YES;
				COPY_PHASE_STRIP = NO;
				DEBUG_INFORMATION_FORMAT = dwarf;
				ENABLE_STRICT_OBJC_MSGSEND = YES;
				ENABLE_TESTABILITY = YES;
				ENABLE_USER_SCRIPT_SANDBOXING = YES;
				GCC_C_LANGUAGE_STANDARD = gnu17;
				GCC_DYNAMIC_NO_PIC = NO;
				GCC_NO_COMMON_BLOCKS = YES;
				GCC_OPTIMIZATION_LEVEL = 0;
				GCC_PREPROCESSOR_DEFINITIONS = (
					"DEBUG=1",
					"$(inherited)",
				);
				GCC_WARN_64_TO_32_BIT_CONVERSION = YES;
				GCC_WARN_ABOUT_RETURN_TYPE = YES_ERROR;
				GCC_WARN_UNDECLARED_SELECTOR = YES;
				GCC_WARN_UNINITIALIZED_AUTOS = YES_AGGRESSIVE;
				GCC_WARN_UNUSED_FUNCTION = YES;
				GCC_WARN_UNUSED_VARIABLE = YES;
				IPHONEOS_DEPLOYMENT_TARGET = 18.0;
				LOCALIZATION_PREFERS_STRING_CATALOGS = YES;
				MTL_ENABLE_DEBUG_INFO = INCLUDE_SOURCE;
				MTL_FAST_MATH = YES;
				ONLY_ACTIVE_ARCH = YES;
				SDKROOT = iphoneos;
				SWIFT_ACTIVE_COMPILATION_CONDITIONS = "DEBUG $(inherited)";
				SWIFT_OPTIMIZATION_LEVEL = "-Onone";
			};
			name = Debug;
		};
		535B353E2CDBAE64000846F3 /* Release */ = {
			isa = XCBuildConfiguration;
			baseConfigurationReferenceAnchor = 535B351D2CDBAE63000846F3 /* ootd */;
			baseConfigurationReferenceRelativePath = Presentation/Secrets.xcconfig;
			buildSettings = {
				ALWAYS_SEARCH_USER_PATHS = NO;
				ASSETCATALOG_COMPILER_GENERATE_SWIFT_ASSET_SYMBOL_EXTENSIONS = YES;
				CLANG_ANALYZER_NONNULL = YES;
				CLANG_ANALYZER_NUMBER_OBJECT_CONVERSION = YES_AGGRESSIVE;
				CLANG_CXX_LANGUAGE_STANDARD = "gnu++20";
				CLANG_ENABLE_MODULES = YES;
				CLANG_ENABLE_OBJC_ARC = YES;
				CLANG_ENABLE_OBJC_WEAK = YES;
				CLANG_WARN_BLOCK_CAPTURE_AUTORELEASING = YES;
				CLANG_WARN_BOOL_CONVERSION = YES;
				CLANG_WARN_COMMA = YES;
				CLANG_WARN_CONSTANT_CONVERSION = YES;
				CLANG_WARN_DEPRECATED_OBJC_IMPLEMENTATIONS = YES;
				CLANG_WARN_DIRECT_OBJC_ISA_USAGE = YES_ERROR;
				CLANG_WARN_DOCUMENTATION_COMMENTS = YES;
				CLANG_WARN_EMPTY_BODY = YES;
				CLANG_WARN_ENUM_CONVERSION = YES;
				CLANG_WARN_INFINITE_RECURSION = YES;
				CLANG_WARN_INT_CONVERSION = YES;
				CLANG_WARN_NON_LITERAL_NULL_CONVERSION = YES;
				CLANG_WARN_OBJC_IMPLICIT_RETAIN_SELF = YES;
				CLANG_WARN_OBJC_LITERAL_CONVERSION = YES;
				CLANG_WARN_OBJC_ROOT_CLASS = YES_ERROR;
				CLANG_WARN_QUOTED_INCLUDE_IN_FRAMEWORK_HEADER = YES;
				CLANG_WARN_RANGE_LOOP_ANALYSIS = YES;
				CLANG_WARN_STRICT_PROTOTYPES = YES;
				CLANG_WARN_SUSPICIOUS_MOVE = YES;
				CLANG_WARN_UNGUARDED_AVAILABILITY = YES_AGGRESSIVE;
				CLANG_WARN_UNREACHABLE_CODE = YES;
				CLANG_WARN__DUPLICATE_METHOD_MATCH = YES;
				COPY_PHASE_STRIP = NO;
				DEBUG_INFORMATION_FORMAT = "dwarf-with-dsym";
				ENABLE_NS_ASSERTIONS = NO;
				ENABLE_STRICT_OBJC_MSGSEND = YES;
				ENABLE_USER_SCRIPT_SANDBOXING = YES;
				GCC_C_LANGUAGE_STANDARD = gnu17;
				GCC_NO_COMMON_BLOCKS = YES;
				GCC_WARN_64_TO_32_BIT_CONVERSION = YES;
				GCC_WARN_ABOUT_RETURN_TYPE = YES_ERROR;
				GCC_WARN_UNDECLARED_SELECTOR = YES;
				GCC_WARN_UNINITIALIZED_AUTOS = YES_AGGRESSIVE;
				GCC_WARN_UNUSED_FUNCTION = YES;
				GCC_WARN_UNUSED_VARIABLE = YES;
				IPHONEOS_DEPLOYMENT_TARGET = 18.0;
				LOCALIZATION_PREFERS_STRING_CATALOGS = YES;
				MTL_ENABLE_DEBUG_INFO = NO;
				MTL_FAST_MATH = YES;
				SDKROOT = iphoneos;
				SWIFT_COMPILATION_MODE = wholemodule;
				VALIDATE_PRODUCT = YES;
			};
			name = Release;
		};
		535B35402CDBAE64000846F3 /* Debug */ = {
			isa = XCBuildConfiguration;
			baseConfigurationReferenceAnchor = 535B351D2CDBAE63000846F3 /* ootd */;
			baseConfigurationReferenceRelativePath = Presentation/Secrets.xcconfig;
			buildSettings = {
				ASSETCATALOG_COMPILER_APPICON_NAME = AppIcon;
				ASSETCATALOG_COMPILER_GLOBAL_ACCENT_COLOR_NAME = AccentColor;
				CODE_SIGN_ENTITLEMENTS = ootd/ootd.entitlements;
				CODE_SIGN_STYLE = Automatic;
				CURRENT_PROJECT_VERSION = 1;
				DEBUG_INFORMATION_FORMAT = "dwarf-with-dsym";
				DEVELOPMENT_ASSET_PATHS = "\"ootd/Preview Content\"";
				DEVELOPMENT_TEAM = 86886QH957;
				ENABLE_PREVIEWS = YES;
				ENABLE_USER_SCRIPT_SANDBOXING = NO;
				GENERATE_INFOPLIST_FILE = YES;
				INFOPLIST_FILE = ootd/Info.plist;
				INFOPLIST_KEY_NSLocationAlwaysUsageDescription = "";
				INFOPLIST_KEY_NSLocationWhenInUseUsageDescription = "";
				INFOPLIST_KEY_UIApplicationSceneManifest_Generation = YES;
				INFOPLIST_KEY_UIApplicationSupportsIndirectInputEvents = YES;
				INFOPLIST_KEY_UILaunchScreen_Generation = YES;
				INFOPLIST_KEY_UISupportedInterfaceOrientations_iPad = "UIInterfaceOrientationPortrait UIInterfaceOrientationPortraitUpsideDown UIInterfaceOrientationLandscapeLeft UIInterfaceOrientationLandscapeRight";
				INFOPLIST_KEY_UISupportedInterfaceOrientations_iPhone = "UIInterfaceOrientationPortrait UIInterfaceOrientationLandscapeLeft UIInterfaceOrientationLandscapeRight";
				LD_RUNPATH_SEARCH_PATHS = (
					"$(inherited)",
					"@executable_path/Frameworks",
				);
				MARKETING_VERSION = 1.0;
				PRODUCT_BUNDLE_IDENTIFIER = com.gyuni.ootd;
				PRODUCT_NAME = "$(TARGET_NAME)";
				SWIFT_EMIT_LOC_STRINGS = YES;
				SWIFT_VERSION = 5.0;
				TARGETED_DEVICE_FAMILY = "1,2";
			};
			name = Debug;
		};
		535B35412CDBAE64000846F3 /* Release */ = {
			isa = XCBuildConfiguration;
			baseConfigurationReferenceAnchor = 535B351D2CDBAE63000846F3 /* ootd */;
			baseConfigurationReferenceRelativePath = Presentation/Secrets.xcconfig;
			buildSettings = {
				ASSETCATALOG_COMPILER_APPICON_NAME = AppIcon;
				ASSETCATALOG_COMPILER_GLOBAL_ACCENT_COLOR_NAME = AccentColor;
				CODE_SIGN_ENTITLEMENTS = ootd/ootd.entitlements;
				CODE_SIGN_STYLE = Automatic;
				CURRENT_PROJECT_VERSION = 1;
				DEBUG_INFORMATION_FORMAT = "dwarf-with-dsym";
				DEVELOPMENT_ASSET_PATHS = "\"ootd/Preview Content\"";
				DEVELOPMENT_TEAM = 86886QH957;
				ENABLE_PREVIEWS = YES;
				ENABLE_USER_SCRIPT_SANDBOXING = NO;
				GENERATE_INFOPLIST_FILE = YES;
				INFOPLIST_FILE = ootd/Info.plist;
				INFOPLIST_KEY_NSLocationAlwaysUsageDescription = "";
				INFOPLIST_KEY_NSLocationWhenInUseUsageDescription = "";
				INFOPLIST_KEY_UIApplicationSceneManifest_Generation = YES;
				INFOPLIST_KEY_UIApplicationSupportsIndirectInputEvents = YES;
				INFOPLIST_KEY_UILaunchScreen_Generation = YES;
				INFOPLIST_KEY_UISupportedInterfaceOrientations_iPad = "UIInterfaceOrientationPortrait UIInterfaceOrientationPortraitUpsideDown UIInterfaceOrientationLandscapeLeft UIInterfaceOrientationLandscapeRight";
				INFOPLIST_KEY_UISupportedInterfaceOrientations_iPhone = "UIInterfaceOrientationPortrait UIInterfaceOrientationLandscapeLeft UIInterfaceOrientationLandscapeRight";
				LD_RUNPATH_SEARCH_PATHS = (
					"$(inherited)",
					"@executable_path/Frameworks",
				);
				MARKETING_VERSION = 1.0;
				PRODUCT_BUNDLE_IDENTIFIER = com.gyuni.ootd;
				PRODUCT_NAME = "$(TARGET_NAME)";
				SWIFT_EMIT_LOC_STRINGS = YES;
				SWIFT_VERSION = 5.0;
				TARGETED_DEVICE_FAMILY = "1,2";
			};
			name = Release;
		};
		535B35432CDBAE64000846F3 /* Debug */ = {
			isa = XCBuildConfiguration;
			buildSettings = {
				BUNDLE_LOADER = "$(TEST_HOST)";
				CODE_SIGN_STYLE = Automatic;
				CURRENT_PROJECT_VERSION = 1;
				DEVELOPMENT_TEAM = 86886QH957;
				GENERATE_INFOPLIST_FILE = YES;
				IPHONEOS_DEPLOYMENT_TARGET = 18.0;
				MARKETING_VERSION = 1.0;
				PRODUCT_BUNDLE_IDENTIFIER = gyuni.ootdTests;
				PRODUCT_NAME = "$(TARGET_NAME)";
				SWIFT_EMIT_LOC_STRINGS = NO;
				SWIFT_VERSION = 5.0;
				TARGETED_DEVICE_FAMILY = "1,2";
				TEST_HOST = "$(BUILT_PRODUCTS_DIR)/ootd.app/$(BUNDLE_EXECUTABLE_FOLDER_PATH)/ootd";
			};
			name = Debug;
		};
		535B35442CDBAE64000846F3 /* Release */ = {
			isa = XCBuildConfiguration;
			buildSettings = {
				BUNDLE_LOADER = "$(TEST_HOST)";
				CODE_SIGN_STYLE = Automatic;
				CURRENT_PROJECT_VERSION = 1;
				DEVELOPMENT_TEAM = 86886QH957;
				GENERATE_INFOPLIST_FILE = YES;
				IPHONEOS_DEPLOYMENT_TARGET = 18.0;
				MARKETING_VERSION = 1.0;
				PRODUCT_BUNDLE_IDENTIFIER = gyuni.ootdTests;
				PRODUCT_NAME = "$(TARGET_NAME)";
				SWIFT_EMIT_LOC_STRINGS = NO;
				SWIFT_VERSION = 5.0;
				TARGETED_DEVICE_FAMILY = "1,2";
				TEST_HOST = "$(BUILT_PRODUCTS_DIR)/ootd.app/$(BUNDLE_EXECUTABLE_FOLDER_PATH)/ootd";
			};
			name = Release;
		};
		535B35462CDBAE64000846F3 /* Debug */ = {
			isa = XCBuildConfiguration;
			buildSettings = {
				CODE_SIGN_STYLE = Automatic;
				CURRENT_PROJECT_VERSION = 1;
				DEVELOPMENT_TEAM = 86886QH957;
				GENERATE_INFOPLIST_FILE = YES;
				MARKETING_VERSION = 1.0;
				PRODUCT_BUNDLE_IDENTIFIER = gyuni.ootdUITests;
				PRODUCT_NAME = "$(TARGET_NAME)";
				SWIFT_EMIT_LOC_STRINGS = NO;
				SWIFT_VERSION = 5.0;
				TARGETED_DEVICE_FAMILY = "1,2";
				TEST_TARGET_NAME = ootd;
			};
			name = Debug;
		};
		535B35472CDBAE64000846F3 /* Release */ = {
			isa = XCBuildConfiguration;
			buildSettings = {
				CODE_SIGN_STYLE = Automatic;
				CURRENT_PROJECT_VERSION = 1;
				DEVELOPMENT_TEAM = 86886QH957;
				GENERATE_INFOPLIST_FILE = YES;
				MARKETING_VERSION = 1.0;
				PRODUCT_BUNDLE_IDENTIFIER = gyuni.ootdUITests;
				PRODUCT_NAME = "$(TARGET_NAME)";
				SWIFT_EMIT_LOC_STRINGS = NO;
				SWIFT_VERSION = 5.0;
				TARGETED_DEVICE_FAMILY = "1,2";
				TEST_TARGET_NAME = ootd;
			};
			name = Release;
		};
		5384C90E2CE0E46400B969DC /* Debug */ = {
			isa = XCBuildConfiguration;
			buildSettings = {
				ASSETCATALOG_COMPILER_GLOBAL_ACCENT_COLOR_NAME = AccentColor;
				ASSETCATALOG_COMPILER_WIDGET_BACKGROUND_COLOR_NAME = WidgetBackground;
				CODE_SIGN_ENTITLEMENTS = "ootd-widgetExtension.entitlements";
				CODE_SIGN_STYLE = Automatic;
				CURRENT_PROJECT_VERSION = 1;
				DEVELOPMENT_TEAM = 86886QH957;
				GENERATE_INFOPLIST_FILE = YES;
				INFOPLIST_FILE = "ootd-widget/Info.plist";
				INFOPLIST_KEY_CFBundleDisplayName = "ootd-widget";
				INFOPLIST_KEY_NSHumanReadableCopyright = "";
				LD_RUNPATH_SEARCH_PATHS = (
					"$(inherited)",
					"@executable_path/Frameworks",
					"@executable_path/../../Frameworks",
				);
				MARKETING_VERSION = 1.0;
				PRODUCT_BUNDLE_IDENTIFIER = "com.gyuni.ootd.ootd-widget";
				PRODUCT_NAME = "$(TARGET_NAME)";
				SKIP_INSTALL = YES;
				SWIFT_EMIT_LOC_STRINGS = YES;
				SWIFT_VERSION = 5.0;
				TARGETED_DEVICE_FAMILY = "1,2";
			};
			name = Debug;
		};
		5384C90F2CE0E46400B969DC /* Release */ = {
			isa = XCBuildConfiguration;
			buildSettings = {
				ASSETCATALOG_COMPILER_GLOBAL_ACCENT_COLOR_NAME = AccentColor;
				ASSETCATALOG_COMPILER_WIDGET_BACKGROUND_COLOR_NAME = WidgetBackground;
				CODE_SIGN_ENTITLEMENTS = "ootd-widgetExtension.entitlements";
				CODE_SIGN_STYLE = Automatic;
				CURRENT_PROJECT_VERSION = 1;
				DEVELOPMENT_TEAM = 86886QH957;
				GENERATE_INFOPLIST_FILE = YES;
				INFOPLIST_FILE = "ootd-widget/Info.plist";
				INFOPLIST_KEY_CFBundleDisplayName = "ootd-widget";
				INFOPLIST_KEY_NSHumanReadableCopyright = "";
				LD_RUNPATH_SEARCH_PATHS = (
					"$(inherited)",
					"@executable_path/Frameworks",
					"@executable_path/../../Frameworks",
				);
				MARKETING_VERSION = 1.0;
				PRODUCT_BUNDLE_IDENTIFIER = "com.gyuni.ootd.ootd-widget";
				PRODUCT_NAME = "$(TARGET_NAME)";
				SKIP_INSTALL = YES;
				SWIFT_EMIT_LOC_STRINGS = YES;
				SWIFT_VERSION = 5.0;
				TARGETED_DEVICE_FAMILY = "1,2";
			};
			name = Release;
		};
/* End XCBuildConfiguration section */

/* Begin XCConfigurationList section */
		535B35162CDBAE63000846F3 /* Build configuration list for PBXProject "ootd" */ = {
			isa = XCConfigurationList;
			buildConfigurations = (
				535B353D2CDBAE64000846F3 /* Debug */,
				535B353E2CDBAE64000846F3 /* Release */,
			);
			defaultConfigurationIsVisible = 0;
			defaultConfigurationName = Release;
		};
		535B353F2CDBAE64000846F3 /* Build configuration list for PBXNativeTarget "ootd" */ = {
			isa = XCConfigurationList;
			buildConfigurations = (
				535B35402CDBAE64000846F3 /* Debug */,
				535B35412CDBAE64000846F3 /* Release */,
			);
			defaultConfigurationIsVisible = 0;
			defaultConfigurationName = Release;
		};
		535B35422CDBAE64000846F3 /* Build configuration list for PBXNativeTarget "ootdTests" */ = {
			isa = XCConfigurationList;
			buildConfigurations = (
				535B35432CDBAE64000846F3 /* Debug */,
				535B35442CDBAE64000846F3 /* Release */,
			);
			defaultConfigurationIsVisible = 0;
			defaultConfigurationName = Release;
		};
		535B35452CDBAE64000846F3 /* Build configuration list for PBXNativeTarget "ootdUITests" */ = {
			isa = XCConfigurationList;
			buildConfigurations = (
				535B35462CDBAE64000846F3 /* Debug */,
				535B35472CDBAE64000846F3 /* Release */,
			);
			defaultConfigurationIsVisible = 0;
			defaultConfigurationName = Release;
		};
		5384C90D2CE0E46400B969DC /* Build configuration list for PBXNativeTarget "ootd-widgetExtension" */ = {
			isa = XCConfigurationList;
			buildConfigurations = (
				5384C90E2CE0E46400B969DC /* Debug */,
				5384C90F2CE0E46400B969DC /* Release */,
			);
			defaultConfigurationIsVisible = 0;
			defaultConfigurationName = Release;
		};
/* End XCConfigurationList section */

/* Begin XCLocalSwiftPackageReference section */
		538BC5B42CF2223D00C68961 /* XCLocalSwiftPackageReference "Service" */ = {
			isa = XCLocalSwiftPackageReference;
			relativePath = Service;
		};
/* End XCLocalSwiftPackageReference section */

/* Begin XCRemoteSwiftPackageReference section */
		78C460C12618415588F06CBB /* XCRemoteSwiftPackageReference "sentry-cocoa" */ = {
			isa = XCRemoteSwiftPackageReference;
			repositoryURL = "https://github.com/getsentry/sentry-cocoa/";
			requirement = {
				kind = upToNextMajorVersion;
				minimumVersion = 8.0.0;
			};
		};
/* End XCRemoteSwiftPackageReference section */

/* Begin XCSwiftPackageProductDependency section */
		538BC5B52CF2223D00C68961 /* Service */ = {
			isa = XCSwiftPackageProductDependency;
			productName = Service;
		};
		538BC5B72CF2224B00C68961 /* Service */ = {
			isa = XCSwiftPackageProductDependency;
			package = 538BC5B42CF2223D00C68961 /* XCLocalSwiftPackageReference "Service" */;
			productName = Service;
		};
		58D067778D3C436E81BB40C2 /* Sentry */ = {
			isa = XCSwiftPackageProductDependency;
			package = 78C460C12618415588F06CBB /* XCRemoteSwiftPackageReference "sentry-cocoa" */;
			productName = Sentry;
		};
/* End XCSwiftPackageProductDependency section */
	};
	rootObject = 535B35132CDBAE63000846F3 /* Project object */;
}
